
Microsoft Visual Studio Solution File, Format Version 11.00
# Visual C++ Express 2010
Project("{8BC9CEB8-8B4A-11D0-8D11-00A0C91BC942}") = "Readme Maker", "Readme Maker\Readme Maker.vcxproj", "{6A0A33AB-8F51-4A75-9DCD-2BE2BFC872A6}"
EndProject
Project("{8BC9CEB8-8B4A-11D0-8D11-00A0C91BC942}") = "Offset Maker", "Fix Maker\Fix Maker.vcxproj", "{AB1A8B8D-DEDF-4FE8-8F2B-DAAC5EC64C36}"
EndProject
Global
	GlobalSection(SolutionConfigurationPlatforms) = preSolution
		Debug|Win32 = Debug|Win32
		Release|Win32 = Release|Win32
	EndGlobalSection
	GlobalSection(ProjectConfigurationPlatforms) = postSolution
		{6A0A33AB-8F51-4A75-9DCD-2BE2BFC872A6}.Debug|Win32.ActiveCfg = Debug|Win32
		{6A0A33AB-8F51-4A75-9DCD-2BE2BFC872A6}.Debug|Win32.Build.0 = Debug|Win32
		{6A0A33AB-8F51-4A75-9DCD-2BE2BFC872A6}.Release|Win32.ActiveCfg = Release|Win32
		{6A0A33AB-8F51-4A75-9DCD-2BE2BFC872A6}.Release|Win32.Build.0 = Release|Win32
		{AB1A8B8D-DEDF-4FE8-8F2B-DAAC5EC64C36}.Debug|Win32.ActiveCfg = Debug|Win32
		{AB1A8B8D-DEDF-4FE8-8F2B-DAAC5EC64C36}.Debug|Win32.Build.0 = Debug|Win32
		{AB1A8B8D-DEDF-4FE8-8F2B-DAAC5EC64C36}.Release|Win32.ActiveCfg = Release|Win32
		{AB1A8B8D-DEDF-4FE8-8F2B-DAAC5EC64C36}.Release|Win32.Build.0 = Release|Win32
	EndGlobalSection
	GlobalSection(SolutionProperties) = preSolution
		HideSolutionNode = FALSE
	EndGlobalSection
EndGlobal
